
Microsoft Visual Studio Solution File, Format Version 12.00
# Visual Studio Version 16
VisualStudioVersion = 16.0.33328.57
MinimumVisualStudioVersion = 10.0.40219.1
Project("{FAE04EC0-301F-11D3-BF4B-00C04F79EFBC}") = "KutuphaneOtomasyon", "KutuphaneOtomasyon\KutuphaneOtomasyon.csproj", "{98EFD774-B414-465B-AB98-9B8679C0F9CB}"
EndProject
Global
	GlobalSection(SolutionConfigurationPlatforms) = preSolution
		Debug|Any CPU = Debug|Any CPU
		Release|Any CPU = Release|Any CPU
	EndGlobalSection
	GlobalSection(ProjectConfigurationPlatforms) = postSolution
		{98EFD774-B414-465B-AB98-9B8679C0F9CB}.Debug|Any CPU.ActiveCfg = Debug|Any CPU
		{98EFD774-B414-465B-AB98-9B8679C0F9CB}.Debug|Any CPU.Build.0 = Debug|Any CPU
		{98EFD774-B414-465B-AB98-9B8679C0F9CB}.Release|Any CPU.ActiveCfg = Release|Any CPU
		{98EFD774-B414-465B-AB98-9B8679C0F9CB}.Release|Any CPU.Build.0 = Release|Any CPU
	EndGlobalSection
	GlobalSection(SolutionProperties) = preSolution
		HideSolutionNode = FALSE
	EndGlobalSection
	GlobalSection(ExtensibilityGlobals) = postSolution
		SolutionGuid = {6A1C4CBA-9C09-4E53-8E3B-AF89E5A201BD}
	EndGlobalSection
EndGlobal
